
Microsoft Visual Studio Solution File, Format Version 12.00
# Visual Studio Version 16
VisualStudioVersion = 16.0.31410.357
MinimumVisualStudioVersion = 10.0.40219.1
Project("{9A19103F-16F7-4668-BE54-9A1E7A4F7556}") = "revuze-exam", "revuze-exam.csproj", "{B84E7D99-EE93-43F1-9F34-8B708DD91146}"
EndProject
Global
	GlobalSection(SolutionConfigurationPlatforms) = preSolution
		Debug|Any CPU = Debug|Any CPU
		Release|Any CPU = Release|Any CPU
	EndGlobalSection
	GlobalSection(ProjectConfigurationPlatforms) = postSolution
		{B84E7D99-EE93-43F1-9F34-8B708DD91146}.Debug|Any CPU.ActiveCfg = Debug|Any CPU
		{B84E7D99-EE93-43F1-9F34-8B708DD91146}.Debug|Any CPU.Build.0 = Debug|Any CPU
		{B84E7D99-EE93-43F1-9F34-8B708DD91146}.Release|Any CPU.ActiveCfg = Release|Any CPU
		{B84E7D99-EE93-43F1-9F34-8B708DD91146}.Release|Any CPU.Build.0 = Release|Any CPU
	EndGlobalSection
	GlobalSection(SolutionProperties) = preSolution
		HideSolutionNode = FALSE
	EndGlobalSection
	GlobalSection(ExtensibilityGlobals) = postSolution
		SolutionGuid = {245C4FD8-560E-4D2F-9F07-5DE3709BCE37}
	EndGlobalSection
EndGlobal
